{
  "name": "p5.brush",
  "version": "0.0.1-beta",
  "lockfileVersion": 2,
  "requires": true,
  "packages": {
    "": {
      "name": "p5.brush",
      "version": "0.0.1-beta",
      "license": "MIT",
      "devDependencies": {
        "@types/p5": "^1.7.3",
        "typescript": "^5.3.2"
      }
    },
    "node_modules/@types/p5": {
      "version": "1.7.3",
      "resolved": "https://registry.npmjs.org/@types/p5/-/p5-1.7.3.tgz",
      "integrity": "sha512-sYeos5Zbb5dx4jp5uDnZDtW3St6+9RtLCi7n2Rl6Ok2a5ofRIWDbXEigl++ppqgAyB20S8czlrrrmzLS1AwJPA==",
      "dev": true
    },
    "node_modules/typescript": {
      "version": "5.3.2",
      "resolved": "https://registry.npmjs.org/typescript/-/typescript-5.3.2.tgz",
      "integrity": "sha512-6l+RyNy7oAHDfxC4FzSJcz9vnjTKxrLpDG5M2Vu4SHRVNg6xzqZp6LYSR9zjqQTu8DU/f5xwxUdADOkbrIX2gQ==",
      "dev": true,
      "bin": {
        "tsc": "bin/tsc",
        "tsserver": "bin/tsserver"
      },
      "engines": {
        "node": ">=14.17"
      }
    }
  },
  "dependencies": {
    "@types/p5": {
      "version": "1.7.3",
      "resolved": "https://registry.npmjs.org/@types/p5/-/p5-1.7.3.tgz",
      "integrity": "sha512-sYeos5Zbb5dx4jp5uDnZDtW3St6+9RtLCi7n2Rl6Ok2a5ofRIWDbXEigl++ppqgAyB20S8czlrrrmzLS1AwJPA==",
      "dev": true
    },
    "typescript": {
      "version": "5.3.2",
      "resolved": "https://registry.npmjs.org/typescript/-/typescript-5.3.2.tgz",
      "integrity": "sha512-6l+RyNy7oAHDfxC4FzSJcz9vnjTKxrLpDG5M2Vu4SHRVNg6xzqZp6LYSR9zjqQTu8DU/f5xwxUdADOkbrIX2gQ==",
      "dev": true
    }
  }
}
